
Microsoft Visual Studio Solution File, Format Version 12.00
# Visual Studio Version 16
VisualStudioVersion = 16.0.29613.14
MinimumVisualStudioVersion = 10.0.40219.1
Project("{8BC9CEB8-8B4A-11D0-8D11-00A0C91BC942}") = "01_Isogram", "01_Isogram\01_Isogram.vcxproj", "{897521DD-371A-4145-BE0E-66DE1B4F9D50}"
EndProject
Project("{8BC9CEB8-8B4A-11D0-8D11-00A0C91BC942}") = "02_ExplodeString", "02_ExplodeString\02_ExplodeString.vcxproj", "{DDEC1277-EF87-44C9-A197-CC648E3D6A3E}"
EndProject
Project("{8BC9CEB8-8B4A-11D0-8D11-00A0C91BC942}") = "03_RPN", "03_RPN\03_RPN.vcxproj", "{5A64C34B-D7EF-4204-B92C-8A692E289B49}"
EndProject
Project("{8BC9CEB8-8B4A-11D0-8D11-00A0C91BC942}") = "04_CountOccurances", "04_CountOccurances\04_CountOccurances.vcxproj", "{1A74257B-E33C-437F-9D77-CB540ECAE311}"
EndProject
Project("{8BC9CEB8-8B4A-11D0-8D11-00A0C91BC942}") = "05_MaximumDifference", "05_MaximumDifference\05_Maximum difference.vcxproj", "{9B0D9B76-0281-4560-8A36-ADDB8B4229B9}"
EndProject
Project("{8BC9CEB8-8B4A-11D0-8D11-00A0C91BC942}") = "06_RecordPerformance", "06_RecordPerformance\06_RecordPerformance.vcxproj", "{5DC579C3-BF13-4997-AE80-11CF3ED4731A}"
EndProject
Project("{8BC9CEB8-8B4A-11D0-8D11-00A0C91BC942}") = "07_RecursiveWalkOverABinaryTree", "07_RecursiveWalkOverABinaryTree\07_RecursiveWalkOverABinaryTree.vcxproj", "{5935D9F9-6852-49E1-927A-D08AF13AC701}"
EndProject
Project("{8BC9CEB8-8B4A-11D0-8D11-00A0C91BC942}") = "08_RaylibButton", "08_RaylibButton\08_RaylibButton.vcxproj", "{EA529342-B93B-45FB-8192-75BAFE9F6A5D}"
EndProject
Project("{8BC9CEB8-8B4A-11D0-8D11-00A0C91BC942}") = "09_FindOddInteger", "09_FindOddInteger\09_FindOddInteger.vcxproj", "{034BAD6D-3D18-4AA2-8318-FB400F918AF1}"
EndProject
Project("{8BC9CEB8-8B4A-11D0-8D11-00A0C91BC942}") = "10_IsValidHexcode", "10_IsValidHexcode\10_IsValidHexcode.vcxproj", "{B62C4D6B-D37E-4DD3-BCF2-FBBAE67B6674}"
EndProject
Project("{8BC9CEB8-8B4A-11D0-8D11-00A0C91BC942}") = "11_BlackJack", "11_BlackJack\11_BlackJack.vcxproj", "{E5B6808C-D445-4A64-A071-B093F782784A}"
EndProject
Project("{8BC9CEB8-8B4A-11D0-8D11-00A0C91BC942}") = "12_Split_String_by_Identicle_Characters", "12_Split_String_by_Identicle_Characters\12_Split_String_by_Identicle_Characters.vcxproj", "{E372AD12-D542-447B-BEDD-027E58A0DBF6}"
EndProject
Project("{8BC9CEB8-8B4A-11D0-8D11-00A0C91BC942}") = "13_Print_Pyramid", "13_Print_Pyramid\13_Print_Pyramid.vcxproj", "{CF7B9950-7DA7-4E7D-BFD2-9E0DD73F71B6}"
EndProject
Project("{8BC9CEB8-8B4A-11D0-8D11-00A0C91BC942}") = "14_Othello", "14_Othello\14_Othello.vcxproj", "{022142AA-7C5C-4B9E-971F-C2FB61959A06}"
EndProject
Project("{8BC9CEB8-8B4A-11D0-8D11-00A0C91BC942}") = "15_OthelloRaylib", "15_OthelloRaylib\15_OthelloRaylib.vcxproj", "{4D4561C7-BCA3-4311-A374-14AD3DF5B9DA}"
EndProject
Project("{8BC9CEB8-8B4A-11D0-8D11-00A0C91BC942}") = "16_Parse_Points_String", "16_Parse_Points_String\16_Parse_Points_String.vcxproj", "{971691E2-D23D-4ABF-B258-008E520EEAB7}"
EndProject
Project("{8BC9CEB8-8B4A-11D0-8D11-00A0C91BC942}") = "17_Fibonacci_Sequence", "17_Fibonacci_Sequence\17_Fibonacci_Sequence.vcxproj", "{5187EBDF-FA86-413D-BFFE-EF5B2F2BF0E0}"
EndProject
Project("{8BC9CEB8-8B4A-11D0-8D11-00A0C91BC942}") = "18_Matching_Closing_Brackets", "18_Matching_Closing_Brackets\18_Matching_Closing_Brackets.vcxproj", "{4E7B37C3-BAA4-4E6B-B2CB-B9C22ECE810D}"
EndProject
Project("{8BC9CEB8-8B4A-11D0-8D11-00A0C91BC942}") = "19_Sock_Pairs", "19_Sock_Pairs\19_Sock_Pairs.vcxproj", "{6706FC86-B920-449E-801B-54B296DC2EC0}"
EndProject
Global
	GlobalSection(SolutionConfigurationPlatforms) = preSolution
		Debug.DLL|x64 = Debug.DLL|x64
		Debug.DLL|x86 = Debug.DLL|x86
		Debug|x64 = Debug|x64
		Debug|x86 = Debug|x86
		Release.DLL|x64 = Release.DLL|x64
		Release.DLL|x86 = Release.DLL|x86
		Release|x64 = Release|x64
		Release|x86 = Release|x86
	EndGlobalSection
	GlobalSection(ProjectConfigurationPlatforms) = postSolution
		{897521DD-371A-4145-BE0E-66DE1B4F9D50}.Debug.DLL|x64.ActiveCfg = Debug|x64
		{897521DD-371A-4145-BE0E-66DE1B4F9D50}.Debug.DLL|x64.Build.0 = Debug|x64
		{897521DD-371A-4145-BE0E-66DE1B4F9D50}.Debug.DLL|x86.ActiveCfg = Debug|Win32
		{897521DD-371A-4145-BE0E-66DE1B4F9D50}.Debug.DLL|x86.Build.0 = Debug|Win32
		{897521DD-371A-4145-BE0E-66DE1B4F9D50}.Debug|x64.ActiveCfg = Debug|x64
		{897521DD-371A-4145-BE0E-66DE1B4F9D50}.Debug|x64.Build.0 = Debug|x64
		{897521DD-371A-4145-BE0E-66DE1B4F9D50}.Debug|x86.ActiveCfg = Debug|Win32
		{897521DD-371A-4145-BE0E-66DE1B4F9D50}.Debug|x86.Build.0 = Debug|Win32
		{897521DD-371A-4145-BE0E-66DE1B4F9D50}.Release.DLL|x64.ActiveCfg = Release|x64
		{897521DD-371A-4145-BE0E-66DE1B4F9D50}.Release.DLL|x64.Build.0 = Release|x64
		{897521DD-371A-4145-BE0E-66DE1B4F9D50}.Release.DLL|x86.ActiveCfg = Release|Win32
		{897521DD-371A-4145-BE0E-66DE1B4F9D50}.Release.DLL|x86.Build.0 = Release|Win32
		{897521DD-371A-4145-BE0E-66DE1B4F9D50}.Release|x64.ActiveCfg = Release|x64
		{897521DD-371A-4145-BE0E-66DE1B4F9D50}.Release|x64.Build.0 = Release|x64
		{897521DD-371A-4145-BE0E-66DE1B4F9D50}.Release|x86.ActiveCfg = Release|Win32
		{897521DD-371A-4145-BE0E-66DE1B4F9D50}.Release|x86.Build.0 = Release|Win32
		{DDEC1277-EF87-44C9-A197-CC648E3D6A3E}.Debug.DLL|x64.ActiveCfg = Debug|x64
		{DDEC1277-EF87-44C9-A197-CC648E3D6A3E}.Debug.DLL|x64.Build.0 = Debug|x64
		{DDEC1277-EF87-44C9-A197-CC648E3D6A3E}.Debug.DLL|x86.ActiveCfg = Debug|Win32
		{DDEC1277-EF87-44C9-A197-CC648E3D6A3E}.Debug.DLL|x86.Build.0 = Debug|Win32
		{DDEC1277-EF87-44C9-A197-CC648E3D6A3E}.Debug|x64.ActiveCfg = Debug|x64
		{DDEC1277-EF87-44C9-A197-CC648E3D6A3E}.Debug|x64.Build.0 = Debug|x64
		{DDEC1277-EF87-44C9-A197-CC648E3D6A3E}.Debug|x86.ActiveCfg = Debug|Win32
		{DDEC1277-EF87-44C9-A197-CC648E3D6A3E}.Debug|x86.Build.0 = Debug|Win32
		{DDEC1277-EF87-44C9-A197-CC648E3D6A3E}.Release.DLL|x64.ActiveCfg = Release|x64
		{DDEC1277-EF87-44C9-A197-CC648E3D6A3E}.Release.DLL|x64.Build.0 = Release|x64
		{DDEC1277-EF87-44C9-A197-CC648E3D6A3E}.Release.DLL|x86.ActiveCfg = Release|Win32
		{DDEC1277-EF87-44C9-A197-CC648E3D6A3E}.Release.DLL|x86.Build.0 = Release|Win32
		{DDEC1277-EF87-44C9-A197-CC648E3D6A3E}.Release|x64.ActiveCfg = Release|x64
		{DDEC1277-EF87-44C9-A197-CC648E3D6A3E}.Release|x64.Build.0 = Release|x64
		{DDEC1277-EF87-44C9-A197-CC648E3D6A3E}.Release|x86.ActiveCfg = Release|Win32
		{DDEC1277-EF87-44C9-A197-CC648E3D6A3E}.Release|x86.Build.0 = Release|Win32
		{5A64C34B-D7EF-4204-B92C-8A692E289B49}.Debug.DLL|x64.ActiveCfg = Debug|x64
		{5A64C34B-D7EF-4204-B92C-8A692E289B49}.Debug.DLL|x64.Build.0 = Debug|x64
		{5A64C34B-D7EF-4204-B92C-8A692E289B49}.Debug.DLL|x86.ActiveCfg = Debug|Win32
		{5A64C34B-D7EF-4204-B92C-8A692E289B49}.Debug.DLL|x86.Build.0 = Debug|Win32
		{5A64C34B-D7EF-4204-B92C-8A692E289B49}.Debug|x64.ActiveCfg = Debug|x64
		{5A64C34B-D7EF-4204-B92C-8A692E289B49}.Debug|x64.Build.0 = Debug|x64
		{5A64C34B-D7EF-4204-B92C-8A692E289B49}.Debug|x86.ActiveCfg = Debug|Win32
		{5A64C34B-D7EF-4204-B92C-8A692E289B49}.Debug|x86.Build.0 = Debug|Win32
		{5A64C34B-D7EF-4204-B92C-8A692E289B49}.Release.DLL|x64.ActiveCfg = Release|x64
		{5A64C34B-D7EF-4204-B92C-8A692E289B49}.Release.DLL|x64.Build.0 = Release|x64
		{5A64C34B-D7EF-4204-B92C-8A692E289B49}.Release.DLL|x86.ActiveCfg = Release|Win32
		{5A64C34B-D7EF-4204-B92C-8A692E289B49}.Release.DLL|x86.Build.0 = Release|Win32
		{5A64C34B-D7EF-4204-B92C-8A692E289B49}.Release|x64.ActiveCfg = Release|x64
		{5A64C34B-D7EF-4204-B92C-8A692E289B49}.Release|x64.Build.0 = Release|x64
		{5A64C34B-D7EF-4204-B92C-8A692E289B49}.Release|x86.ActiveCfg = Release|Win32
		{5A64C34B-D7EF-4204-B92C-8A692E289B49}.Release|x86.Build.0 = Release|Win32
		{1A74257B-E33C-437F-9D77-CB540ECAE311}.Debug.DLL|x64.ActiveCfg = Debug|x64
		{1A74257B-E33C-437F-9D77-CB540ECAE311}.Debug.DLL|x64.Build.0 = Debug|x64
		{1A74257B-E33C-437F-9D77-CB540ECAE311}.Debug.DLL|x86.ActiveCfg = Debug|Win32
		{1A74257B-E33C-437F-9D77-CB540ECAE311}.Debug.DLL|x86.Build.0 = Debug|Win32
		{1A74257B-E33C-437F-9D77-CB540ECAE311}.Debug|x64.ActiveCfg = Debug|x64
		{1A74257B-E33C-437F-9D77-CB540ECAE311}.Debug|x64.Build.0 = Debug|x64
		{1A74257B-E33C-437F-9D77-CB540ECAE311}.Debug|x86.ActiveCfg = Debug|Win32
		{1A74257B-E33C-437F-9D77-CB540ECAE311}.Debug|x86.Build.0 = Debug|Win32
		{1A74257B-E33C-437F-9D77-CB540ECAE311}.Release.DLL|x64.ActiveCfg = Release|x64
		{1A74257B-E33C-437F-9D77-CB540ECAE311}.Release.DLL|x64.Build.0 = Release|x64
		{1A74257B-E33C-437F-9D77-CB540ECAE311}.Release.DLL|x86.ActiveCfg = Release|Win32
		{1A74257B-E33C-437F-9D77-CB540ECAE311}.Release.DLL|x86.Build.0 = Release|Win32
		{1A74257B-E33C-437F-9D77-CB540ECAE311}.Release|x64.ActiveCfg = Release|x64
		{1A74257B-E33C-437F-9D77-CB540ECAE311}.Release|x64.Build.0 = Release|x64
		{1A74257B-E33C-437F-9D77-CB540ECAE311}.Release|x86.ActiveCfg = Release|Win32
		{1A74257B-E33C-437F-9D77-CB540ECAE311}.Release|x86.Build.0 = Release|Win32
		{9B0D9B76-0281-4560-8A36-ADDB8B4229B9}.Debug.DLL|x64.ActiveCfg = Debug|x64
		{9B0D9B76-0281-4560-8A36-ADDB8B4229B9}.Debug.DLL|x64.Build.0 = Debug|x64
		{9B0D9B76-0281-4560-8A36-ADDB8B4229B9}.Debug.DLL|x86.ActiveCfg = Debug|Win32
		{9B0D9B76-0281-4560-8A36-ADDB8B4229B9}.Debug.DLL|x86.Build.0 = Debug|Win32
		{9B0D9B76-0281-4560-8A36-ADDB8B4229B9}.Debug|x64.ActiveCfg = Debug|x64
		{9B0D9B76-0281-4560-8A36-ADDB8B4229B9}.Debug|x64.Build.0 = Debug|x64
		{9B0D9B76-0281-4560-8A36-ADDB8B4229B9}.Debug|x86.ActiveCfg = Debug|Win32
		{9B0D9B76-0281-4560-8A36-ADDB8B4229B9}.Debug|x86.Build.0 = Debug|Win32
		{9B0D9B76-0281-4560-8A36-ADDB8B4229B9}.Release.DLL|x64.ActiveCfg = Release|x64
		{9B0D9B76-0281-4560-8A36-ADDB8B4229B9}.Release.DLL|x64.Build.0 = Release|x64
		{9B0D9B76-0281-4560-8A36-ADDB8B4229B9}.Release.DLL|x86.ActiveCfg = Release|Win32
		{9B0D9B76-0281-4560-8A36-ADDB8B4229B9}.Release.DLL|x86.Build.0 = Release|Win32
		{9B0D9B76-0281-4560-8A36-ADDB8B4229B9}.Release|x64.ActiveCfg = Release|x64
		{9B0D9B76-0281-4560-8A36-ADDB8B4229B9}.Release|x64.Build.0 = Release|x64
		{9B0D9B76-0281-4560-8A36-ADDB8B4229B9}.Release|x86.ActiveCfg = Release|Win32
		{9B0D9B76-0281-4560-8A36-ADDB8B4229B9}.Release|x86.Build.0 = Release|Win32
		{5DC579C3-BF13-4997-AE80-11CF3ED4731A}.Debug.DLL|x64.ActiveCfg = Debug|x64
		{5DC579C3-BF13-4997-AE80-11CF3ED4731A}.Debug.DLL|x64.Build.0 = Debug|x64
		{5DC579C3-BF13-4997-AE80-11CF3ED4731A}.Debug.DLL|x86.ActiveCfg = Debug|Win32
		{5DC579C3-BF13-4997-AE80-11CF3ED4731A}.Debug.DLL|x86.Build.0 = Debug|Win32
		{5DC579C3-BF13-4997-AE80-11CF3ED4731A}.Debug|x64.ActiveCfg = Debug|x64
		{5DC579C3-BF13-4997-AE80-11CF3ED4731A}.Debug|x64.Build.0 = Debug|x64
		{5DC579C3-BF13-4997-AE80-11CF3ED4731A}.Debug|x86.ActiveCfg = Debug|Win32
		{5DC579C3-BF13-4997-AE80-11CF3ED4731A}.Debug|x86.Build.0 = Debug|Win32
		{5DC579C3-BF13-4997-AE80-11CF3ED4731A}.Release.DLL|x64.ActiveCfg = Release|x64
		{5DC579C3-BF13-4997-AE80-11CF3ED4731A}.Release.DLL|x64.Build.0 = Release|x64
		{5DC579C3-BF13-4997-AE80-11CF3ED4731A}.Release.DLL|x86.ActiveCfg = Release|Win32
		{5DC579C3-BF13-4997-AE80-11CF3ED4731A}.Release.DLL|x86.Build.0 = Release|Win32
		{5DC579C3-BF13-4997-AE80-11CF3ED4731A}.Release|x64.ActiveCfg = Release|x64
		{5DC579C3-BF13-4997-AE80-11CF3ED4731A}.Release|x64.Build.0 = Release|x64
		{5DC579C3-BF13-4997-AE80-11CF3ED4731A}.Release|x86.ActiveCfg = Release|Win32
		{5DC579C3-BF13-4997-AE80-11CF3ED4731A}.Release|x86.Build.0 = Release|Win32
		{5935D9F9-6852-49E1-927A-D08AF13AC701}.Debug.DLL|x64.ActiveCfg = Debug|x64
		{5935D9F9-6852-49E1-927A-D08AF13AC701}.Debug.DLL|x64.Build.0 = Debug|x64
		{5935D9F9-6852-49E1-927A-D08AF13AC701}.Debug.DLL|x86.ActiveCfg = Debug|Win32
		{5935D9F9-6852-49E1-927A-D08AF13AC701}.Debug.DLL|x86.Build.0 = Debug|Win32
		{5935D9F9-6852-49E1-927A-D08AF13AC701}.Debug|x64.ActiveCfg = Debug|x64
		{5935D9F9-6852-49E1-927A-D08AF13AC701}.Debug|x64.Build.0 = Debug|x64
		{5935D9F9-6852-49E1-927A-D08AF13AC701}.Debug|x86.ActiveCfg = Debug|Win32
		{5935D9F9-6852-49E1-927A-D08AF13AC701}.Debug|x86.Build.0 = Debug|Win32
		{5935D9F9-6852-49E1-927A-D08AF13AC701}.Release.DLL|x64.ActiveCfg = Release|x64
		{5935D9F9-6852-49E1-927A-D08AF13AC701}.Release.DLL|x64.Build.0 = Release|x64
		{5935D9F9-6852-49E1-927A-D08AF13AC701}.Release.DLL|x86.ActiveCfg = Release|Win32
		{5935D9F9-6852-49E1-927A-D08AF13AC701}.Release.DLL|x86.Build.0 = Release|Win32
		{5935D9F9-6852-49E1-927A-D08AF13AC701}.Release|x64.ActiveCfg = Release|x64
		{5935D9F9-6852-49E1-927A-D08AF13AC701}.Release|x64.Build.0 = Release|x64
		{5935D9F9-6852-49E1-927A-D08AF13AC701}.Release|x86.ActiveCfg = Release|Win32
		{5935D9F9-6852-49E1-927A-D08AF13AC701}.Release|x86.Build.0 = Release|Win32
		{EA529342-B93B-45FB-8192-75BAFE9F6A5D}.Debug.DLL|x64.ActiveCfg = Debug|x64
		{EA529342-B93B-45FB-8192-75BAFE9F6A5D}.Debug.DLL|x64.Build.0 = Debug|x64
		{EA529342-B93B-45FB-8192-75BAFE9F6A5D}.Debug.DLL|x86.ActiveCfg = Debug|Win32
		{EA529342-B93B-45FB-8192-75BAFE9F6A5D}.Debug.DLL|x86.Build.0 = Debug|Win32
		{EA529342-B93B-45FB-8192-75BAFE9F6A5D}.Debug|x64.ActiveCfg = Debug|x64
		{EA529342-B93B-45FB-8192-75BAFE9F6A5D}.Debug|x64.Build.0 = Debug|x64
		{EA529342-B93B-45FB-8192-75BAFE9F6A5D}.Debug|x86.ActiveCfg = Debug|Win32
		{EA529342-B93B-45FB-8192-75BAFE9F6A5D}.Debug|x86.Build.0 = Debug|Win32
		{EA529342-B93B-45FB-8192-75BAFE9F6A5D}.Release.DLL|x64.ActiveCfg = Release|x64
		{EA529342-B93B-45FB-8192-75BAFE9F6A5D}.Release.DLL|x64.Build.0 = Release|x64
		{EA529342-B93B-45FB-8192-75BAFE9F6A5D}.Release.DLL|x86.ActiveCfg = Release|Win32
		{EA529342-B93B-45FB-8192-75BAFE9F6A5D}.Release.DLL|x86.Build.0 = Release|Win32
		{EA529342-B93B-45FB-8192-75BAFE9F6A5D}.Release|x64.ActiveCfg = Release|x64
		{EA529342-B93B-45FB-8192-75BAFE9F6A5D}.Release|x64.Build.0 = Release|x64
		{EA529342-B93B-45FB-8192-75BAFE9F6A5D}.Release|x86.ActiveCfg = Release|Win32
		{EA529342-B93B-45FB-8192-75BAFE9F6A5D}.Release|x86.Build.0 = Release|Win32
		{034BAD6D-3D18-4AA2-8318-FB400F918AF1}.Debug.DLL|x64.ActiveCfg = Debug|x64
		{034BAD6D-3D18-4AA2-8318-FB400F918AF1}.Debug.DLL|x64.Build.0 = Debug|x64
		{034BAD6D-3D18-4AA2-8318-FB400F918AF1}.Debug.DLL|x86.ActiveCfg = Debug|Win32
		{034BAD6D-3D18-4AA2-8318-FB400F918AF1}.Debug.DLL|x86.Build.0 = Debug|Win32
		{034BAD6D-3D18-4AA2-8318-FB400F918AF1}.Debug|x64.ActiveCfg = Debug|x64
		{034BAD6D-3D18-4AA2-8318-FB400F918AF1}.Debug|x64.Build.0 = Debug|x64
		{034BAD6D-3D18-4AA2-8318-FB400F918AF1}.Debug|x86.ActiveCfg = Debug|Win32
		{034BAD6D-3D18-4AA2-8318-FB400F918AF1}.Debug|x86.Build.0 = Debug|Win32
		{034BAD6D-3D18-4AA2-8318-FB400F918AF1}.Release.DLL|x64.ActiveCfg = Release|x64
		{034BAD6D-3D18-4AA2-8318-FB400F918AF1}.Release.DLL|x64.Build.0 = Release|x64
		{034BAD6D-3D18-4AA2-8318-FB400F918AF1}.Release.DLL|x86.ActiveCfg = Release|Win32
		{034BAD6D-3D18-4AA2-8318-FB400F918AF1}.Release.DLL|x86.Build.0 = Release|Win32
		{034BAD6D-3D18-4AA2-8318-FB400F918AF1}.Release|x64.ActiveCfg = Release|x64
		{034BAD6D-3D18-4AA2-8318-FB400F918AF1}.Release|x64.Build.0 = Release|x64
		{034BAD6D-3D18-4AA2-8318-FB400F918AF1}.Release|x86.ActiveCfg = Release|Win32
		{034BAD6D-3D18-4AA2-8318-FB400F918AF1}.Release|x86.Build.0 = Release|Win32
		{B62C4D6B-D37E-4DD3-BCF2-FBBAE67B6674}.Debug.DLL|x64.ActiveCfg = Debug|x64
		{B62C4D6B-D37E-4DD3-BCF2-FBBAE67B6674}.Debug.DLL|x64.Build.0 = Debug|x64
		{B62C4D6B-D37E-4DD3-BCF2-FBBAE67B6674}.Debug.DLL|x86.ActiveCfg = Debug|Win32
		{B62C4D6B-D37E-4DD3-BCF2-FBBAE67B6674}.Debug.DLL|x86.Build.0 = Debug|Win32
		{B62C4D6B-D37E-4DD3-BCF2-FBBAE67B6674}.Debug|x64.ActiveCfg = Debug|x64
		{B62C4D6B-D37E-4DD3-BCF2-FBBAE67B6674}.Debug|x64.Build.0 = Debug|x64
		{B62C4D6B-D37E-4DD3-BCF2-FBBAE67B6674}.Debug|x86.ActiveCfg = Debug|Win32
		{B62C4D6B-D37E-4DD3-BCF2-FBBAE67B6674}.Debug|x86.Build.0 = Debug|Win32
		{B62C4D6B-D37E-4DD3-BCF2-FBBAE67B6674}.Release.DLL|x64.ActiveCfg = Release|x64
		{B62C4D6B-D37E-4DD3-BCF2-FBBAE67B6674}.Release.DLL|x64.Build.0 = Release|x64
		{B62C4D6B-D37E-4DD3-BCF2-FBBAE67B6674}.Release.DLL|x86.ActiveCfg = Release|Win32
		{B62C4D6B-D37E-4DD3-BCF2-FBBAE67B6674}.Release.DLL|x86.Build.0 = Release|Win32
		{B62C4D6B-D37E-4DD3-BCF2-FBBAE67B6674}.Release|x64.ActiveCfg = Release|x64
		{B62C4D6B-D37E-4DD3-BCF2-FBBAE67B6674}.Release|x64.Build.0 = Release|x64
		{B62C4D6B-D37E-4DD3-BCF2-FBBAE67B6674}.Release|x86.ActiveCfg = Release|Win32
		{B62C4D6B-D37E-4DD3-BCF2-FBBAE67B6674}.Release|x86.Build.0 = Release|Win32
		{E5B6808C-D445-4A64-A071-B093F782784A}.Debug.DLL|x64.ActiveCfg = Debug|x64
		{E5B6808C-D445-4A64-A071-B093F782784A}.Debug.DLL|x64.Build.0 = Debug|x64
		{E5B6808C-D445-4A64-A071-B093F782784A}.Debug.DLL|x86.ActiveCfg = Debug|Win32
		{E5B6808C-D445-4A64-A071-B093F782784A}.Debug.DLL|x86.Build.0 = Debug|Win32
		{E5B6808C-D445-4A64-A071-B093F782784A}.Debug|x64.ActiveCfg = Debug|x64
		{E5B6808C-D445-4A64-A071-B093F782784A}.Debug|x64.Build.0 = Debug|x64
		{E5B6808C-D445-4A64-A071-B093F782784A}.Debug|x86.ActiveCfg = Debug|Win32
		{E5B6808C-D445-4A64-A071-B093F782784A}.Debug|x86.Build.0 = Debug|Win32
		{E5B6808C-D445-4A64-A071-B093F782784A}.Release.DLL|x64.ActiveCfg = Release|x64
		{E5B6808C-D445-4A64-A071-B093F782784A}.Release.DLL|x64.Build.0 = Release|x64
		{E5B6808C-D445-4A64-A071-B093F782784A}.Release.DLL|x86.ActiveCfg = Release|Win32
		{E5B6808C-D445-4A64-A071-B093F782784A}.Release.DLL|x86.Build.0 = Release|Win32
		{E5B6808C-D445-4A64-A071-B093F782784A}.Release|x64.ActiveCfg = Release|x64
		{E5B6808C-D445-4A64-A071-B093F782784A}.Release|x64.Build.0 = Release|x64
		{E5B6808C-D445-4A64-A071-B093F782784A}.Release|x86.ActiveCfg = Release|Win32
		{E5B6808C-D445-4A64-A071-B093F782784A}.Release|x86.Build.0 = Release|Win32
		{E372AD12-D542-447B-BEDD-027E58A0DBF6}.Debug.DLL|x64.ActiveCfg = Debug|x64
		{E372AD12-D542-447B-BEDD-027E58A0DBF6}.Debug.DLL|x64.Build.0 = Debug|x64
		{E372AD12-D542-447B-BEDD-027E58A0DBF6}.Debug.DLL|x86.ActiveCfg = Debug|Win32
		{E372AD12-D542-447B-BEDD-027E58A0DBF6}.Debug.DLL|x86.Build.0 = Debug|Win32
		{E372AD12-D542-447B-BEDD-027E58A0DBF6}.Debug|x64.ActiveCfg = Debug|x64
		{E372AD12-D542-447B-BEDD-027E58A0DBF6}.Debug|x64.Build.0 = Debug|x64
		{E372AD12-D542-447B-BEDD-027E58A0DBF6}.Debug|x86.ActiveCfg = Debug|Win32
		{E372AD12-D542-447B-BEDD-027E58A0DBF6}.Debug|x86.Build.0 = Debug|Win32
		{E372AD12-D542-447B-BEDD-027E58A0DBF6}.Release.DLL|x64.ActiveCfg = Release|x64
		{E372AD12-D542-447B-BEDD-027E58A0DBF6}.Release.DLL|x64.Build.0 = Release|x64
		{E372AD12-D542-447B-BEDD-027E58A0DBF6}.Release.DLL|x86.ActiveCfg = Release|Win32
		{E372AD12-D542-447B-BEDD-027E58A0DBF6}.Release.DLL|x86.Build.0 = Release|Win32
		{E372AD12-D542-447B-BEDD-027E58A0DBF6}.Release|x64.ActiveCfg = Release|x64
		{E372AD12-D542-447B-BEDD-027E58A0DBF6}.Release|x64.Build.0 = Release|x64
		{E372AD12-D542-447B-BEDD-027E58A0DBF6}.Release|x86.ActiveCfg = Release|Win32
		{E372AD12-D542-447B-BEDD-027E58A0DBF6}.Release|x86.Build.0 = Release|Win32
		{CF7B9950-7DA7-4E7D-BFD2-9E0DD73F71B6}.Debug.DLL|x64.ActiveCfg = Debug|x64
		{CF7B9950-7DA7-4E7D-BFD2-9E0DD73F71B6}.Debug.DLL|x64.Build.0 = Debug|x64
		{CF7B9950-7DA7-4E7D-BFD2-9E0DD73F71B6}.Debug.DLL|x86.ActiveCfg = Debug|Win32
		{CF7B9950-7DA7-4E7D-BFD2-9E0DD73F71B6}.Debug.DLL|x86.Build.0 = Debug|Win32
		{CF7B9950-7DA7-4E7D-BFD2-9E0DD73F71B6}.Debug|x64.ActiveCfg = Debug|x64
		{CF7B9950-7DA7-4E7D-BFD2-9E0DD73F71B6}.Debug|x64.Build.0 = Debug|x64
		{CF7B9950-7DA7-4E7D-BFD2-9E0DD73F71B6}.Debug|x86.ActiveCfg = Debug|Win32
		{CF7B9950-7DA7-4E7D-BFD2-9E0DD73F71B6}.Debug|x86.Build.0 = Debug|Win32
		{CF7B9950-7DA7-4E7D-BFD2-9E0DD73F71B6}.Release.DLL|x64.ActiveCfg = Release|x64
		{CF7B9950-7DA7-4E7D-BFD2-9E0DD73F71B6}.Release.DLL|x64.Build.0 = Release|x64
		{CF7B9950-7DA7-4E7D-BFD2-9E0DD73F71B6}.Release.DLL|x86.ActiveCfg = Release|Win32
		{CF7B9950-7DA7-4E7D-BFD2-9E0DD73F71B6}.Release.DLL|x86.Build.0 = Release|Win32
		{CF7B9950-7DA7-4E7D-BFD2-9E0DD73F71B6}.Release|x64.ActiveCfg = Release|x64
		{CF7B9950-7DA7-4E7D-BFD2-9E0DD73F71B6}.Release|x64.Build.0 = Release|x64
		{CF7B9950-7DA7-4E7D-BFD2-9E0DD73F71B6}.Release|x86.ActiveCfg = Release|Win32
		{CF7B9950-7DA7-4E7D-BFD2-9E0DD73F71B6}.Release|x86.Build.0 = Release|Win32
		{022142AA-7C5C-4B9E-971F-C2FB61959A06}.Debug.DLL|x64.ActiveCfg = Debug|x64
		{022142AA-7C5C-4B9E-971F-C2FB61959A06}.Debug.DLL|x64.Build.0 = Debug|x64
		{022142AA-7C5C-4B9E-971F-C2FB61959A06}.Debug.DLL|x86.ActiveCfg = Debug|Win32
		{022142AA-7C5C-4B9E-971F-C2FB61959A06}.Debug.DLL|x86.Build.0 = Debug|Win32
		{022142AA-7C5C-4B9E-971F-C2FB61959A06}.Debug|x64.ActiveCfg = Debug|x64
		{022142AA-7C5C-4B9E-971F-C2FB61959A06}.Debug|x64.Build.0 = Debug|x64
		{022142AA-7C5C-4B9E-971F-C2FB61959A06}.Debug|x86.ActiveCfg = Debug|Win32
		{022142AA-7C5C-4B9E-971F-C2FB61959A06}.Debug|x86.Build.0 = Debug|Win32
		{022142AA-7C5C-4B9E-971F-C2FB61959A06}.Release.DLL|x64.ActiveCfg = Release|x64
		{022142AA-7C5C-4B9E-971F-C2FB61959A06}.Release.DLL|x64.Build.0 = Release|x64
		{022142AA-7C5C-4B9E-971F-C2FB61959A06}.Release.DLL|x86.ActiveCfg = Release|Win32
		{022142AA-7C5C-4B9E-971F-C2FB61959A06}.Release.DLL|x86.Build.0 = Release|Win32
		{022142AA-7C5C-4B9E-971F-C2FB61959A06}.Release|x64.ActiveCfg = Release|x64
		{022142AA-7C5C-4B9E-971F-C2FB61959A06}.Release|x64.Build.0 = Release|x64
		{022142AA-7C5C-4B9E-971F-C2FB61959A06}.Release|x86.ActiveCfg = Release|Win32
		{022142AA-7C5C-4B9E-971F-C2FB61959A06}.Release|x86.Build.0 = Release|Win32
		{4D4561C7-BCA3-4311-A374-14AD3DF5B9DA}.Debug.DLL|x64.ActiveCfg = Debug|x64
		{4D4561C7-BCA3-4311-A374-14AD3DF5B9DA}.Debug.DLL|x64.Build.0 = Debug|x64
		{4D4561C7-BCA3-4311-A374-14AD3DF5B9DA}.Debug.DLL|x86.ActiveCfg = Debug|Win32
		{4D4561C7-BCA3-4311-A374-14AD3DF5B9DA}.Debug.DLL|x86.Build.0 = Debug|Win32
		{4D4561C7-BCA3-4311-A374-14AD3DF5B9DA}.Debug|x64.ActiveCfg = Debug|x64
		{4D4561C7-BCA3-4311-A374-14AD3DF5B9DA}.Debug|x64.Build.0 = Debug|x64
		{4D4561C7-BCA3-4311-A374-14AD3DF5B9DA}.Debug|x86.ActiveCfg = Debug|Win32
		{4D4561C7-BCA3-4311-A374-14AD3DF5B9DA}.Debug|x86.Build.0 = Debug|Win32
		{4D4561C7-BCA3-4311-A374-14AD3DF5B9DA}.Release.DLL|x64.ActiveCfg = Release|x64
		{4D4561C7-BCA3-4311-A374-14AD3DF5B9DA}.Release.DLL|x64.Build.0 = Release|x64
		{4D4561C7-BCA3-4311-A374-14AD3DF5B9DA}.Release.DLL|x86.ActiveCfg = Release|Win32
		{4D4561C7-BCA3-4311-A374-14AD3DF5B9DA}.Release.DLL|x86.Build.0 = Release|Win32
		{4D4561C7-BCA3-4311-A374-14AD3DF5B9DA}.Release|x64.ActiveCfg = Release|x64
		{4D4561C7-BCA3-4311-A374-14AD3DF5B9DA}.Release|x64.Build.0 = Release|x64
		{4D4561C7-BCA3-4311-A374-14AD3DF5B9DA}.Release|x86.ActiveCfg = Release|Win32
		{4D4561C7-BCA3-4311-A374-14AD3DF5B9DA}.Release|x86.Build.0 = Release|Win32
		{971691E2-D23D-4ABF-B258-008E520EEAB7}.Debug.DLL|x64.ActiveCfg = Debug|x64
		{971691E2-D23D-4ABF-B258-008E520EEAB7}.Debug.DLL|x64.Build.0 = Debug|x64
		{971691E2-D23D-4ABF-B258-008E520EEAB7}.Debug.DLL|x86.ActiveCfg = Debug|Win32
		{971691E2-D23D-4ABF-B258-008E520EEAB7}.Debug.DLL|x86.Build.0 = Debug|Win32
		{971691E2-D23D-4ABF-B258-008E520EEAB7}.Debug|x64.ActiveCfg = Debug|x64
		{971691E2-D23D-4ABF-B258-008E520EEAB7}.Debug|x64.Build.0 = Debug|x64
		{971691E2-D23D-4ABF-B258-008E520EEAB7}.Debug|x86.ActiveCfg = Debug|Win32
		{971691E2-D23D-4ABF-B258-008E520EEAB7}.Debug|x86.Build.0 = Debug|Win32
		{971691E2-D23D-4ABF-B258-008E520EEAB7}.Release.DLL|x64.ActiveCfg = Release|x64
		{971691E2-D23D-4ABF-B258-008E520EEAB7}.Release.DLL|x64.Build.0 = Release|x64
		{971691E2-D23D-4ABF-B258-008E520EEAB7}.Release.DLL|x86.ActiveCfg = Release|Win32
		{971691E2-D23D-4ABF-B258-008E520EEAB7}.Release.DLL|x86.Build.0 = Release|Win32
		{971691E2-D23D-4ABF-B258-008E520EEAB7}.Release|x64.ActiveCfg = Release|x64
		{971691E2-D23D-4ABF-B258-008E520EEAB7}.Release|x64.Build.0 = Release|x64
		{971691E2-D23D-4ABF-B258-008E520EEAB7}.Release|x86.ActiveCfg = Release|Win32
		{971691E2-D23D-4ABF-B258-008E520EEAB7}.Release|x86.Build.0 = Release|Win32
		{5187EBDF-FA86-413D-BFFE-EF5B2F2BF0E0}.Debug.DLL|x64.ActiveCfg = Debug|x64
		{5187EBDF-FA86-413D-BFFE-EF5B2F2BF0E0}.Debug.DLL|x64.Build.0 = Debug|x64
		{5187EBDF-FA86-413D-BFFE-EF5B2F2BF0E0}.Debug.DLL|x86.ActiveCfg = Debug|Win32
		{5187EBDF-FA86-413D-BFFE-EF5B2F2BF0E0}.Debug.DLL|x86.Build.0 = Debug|Win32
		{5187EBDF-FA86-413D-BFFE-EF5B2F2BF0E0}.Debug|x64.ActiveCfg = Debug|x64
		{5187EBDF-FA86-413D-BFFE-EF5B2F2BF0E0}.Debug|x64.Build.0 = Debug|x64
		{5187EBDF-FA86-413D-BFFE-EF5B2F2BF0E0}.Debug|x86.ActiveCfg = Debug|Win32
		{5187EBDF-FA86-413D-BFFE-EF5B2F2BF0E0}.Debug|x86.Build.0 = Debug|Win32
		{5187EBDF-FA86-413D-BFFE-EF5B2F2BF0E0}.Release.DLL|x64.ActiveCfg = Release|x64
		{5187EBDF-FA86-413D-BFFE-EF5B2F2BF0E0}.Release.DLL|x64.Build.0 = Release|x64
		{5187EBDF-FA86-413D-BFFE-EF5B2F2BF0E0}.Release.DLL|x86.ActiveCfg = Release|Win32
		{5187EBDF-FA86-413D-BFFE-EF5B2F2BF0E0}.Release.DLL|x86.Build.0 = Release|Win32
		{5187EBDF-FA86-413D-BFFE-EF5B2F2BF0E0}.Release|x64.ActiveCfg = Release|x64
		{5187EBDF-FA86-413D-BFFE-EF5B2F2BF0E0}.Release|x64.Build.0 = Release|x64
		{5187EBDF-FA86-413D-BFFE-EF5B2F2BF0E0}.Release|x86.ActiveCfg = Release|Win32
		{5187EBDF-FA86-413D-BFFE-EF5B2F2BF0E0}.Release|x86.Build.0 = Release|Win32
		{4E7B37C3-BAA4-4E6B-B2CB-B9C22ECE810D}.Debug.DLL|x64.ActiveCfg = Debug|x64
		{4E7B37C3-BAA4-4E6B-B2CB-B9C22ECE810D}.Debug.DLL|x64.Build.0 = Debug|x64
		{4E7B37C3-BAA4-4E6B-B2CB-B9C22ECE810D}.Debug.DLL|x86.ActiveCfg = Debug|Win32
		{4E7B37C3-BAA4-4E6B-B2CB-B9C22ECE810D}.Debug.DLL|x86.Build.0 = Debug|Win32
		{4E7B37C3-BAA4-4E6B-B2CB-B9C22ECE810D}.Debug|x64.ActiveCfg = Debug|x64
		{4E7B37C3-BAA4-4E6B-B2CB-B9C22ECE810D}.Debug|x64.Build.0 = Debug|x64
		{4E7B37C3-BAA4-4E6B-B2CB-B9C22ECE810D}.Debug|x86.ActiveCfg = Debug|Win32
		{4E7B37C3-BAA4-4E6B-B2CB-B9C22ECE810D}.Debug|x86.Build.0 = Debug|Win32
		{4E7B37C3-BAA4-4E6B-B2CB-B9C22ECE810D}.Release.DLL|x64.ActiveCfg = Release|x64
		{4E7B37C3-BAA4-4E6B-B2CB-B9C22ECE810D}.Release.DLL|x64.Build.0 = Release|x64
		{4E7B37C3-BAA4-4E6B-B2CB-B9C22ECE810D}.Release.DLL|x86.ActiveCfg = Release|Win32
		{4E7B37C3-BAA4-4E6B-B2CB-B9C22ECE810D}.Release.DLL|x86.Build.0 = Release|Win32
		{4E7B37C3-BAA4-4E6B-B2CB-B9C22ECE810D}.Release|x64.ActiveCfg = Release|x64
		{4E7B37C3-BAA4-4E6B-B2CB-B9C22ECE810D}.Release|x64.Build.0 = Release|x64
		{4E7B37C3-BAA4-4E6B-B2CB-B9C22ECE810D}.Release|x86.ActiveCfg = Release|Win32
		{4E7B37C3-BAA4-4E6B-B2CB-B9C22ECE810D}.Release|x86.Build.0 = Release|Win32
		{6706FC86-B920-449E-801B-54B296DC2EC0}.Debug.DLL|x64.ActiveCfg = Debug|x64
		{6706FC86-B920-449E-801B-54B296DC2EC0}.Debug.DLL|x64.Build.0 = Debug|x64
		{6706FC86-B920-449E-801B-54B296DC2EC0}.Debug.DLL|x86.ActiveCfg = Debug|Win32
		{6706FC86-B920-449E-801B-54B296DC2EC0}.Debug.DLL|x86.Build.0 = Debug|Win32
		{6706FC86-B920-449E-801B-54B296DC2EC0}.Debug|x64.ActiveCfg = Debug|x64
		{6706FC86-B920-449E-801B-54B296DC2EC0}.Debug|x64.Build.0 = Debug|x64
		{6706FC86-B920-449E-801B-54B296DC2EC0}.Debug|x86.ActiveCfg = Debug|Win32
		{6706FC86-B920-449E-801B-54B296DC2EC0}.Debug|x86.Build.0 = Debug|Win32
		{6706FC86-B920-449E-801B-54B296DC2EC0}.Release.DLL|x64.ActiveCfg = Release|x64
		{6706FC86-B920-449E-801B-54B296DC2EC0}.Release.DLL|x64.Build.0 = Release|x64
		{6706FC86-B920-449E-801B-54B296DC2EC0}.Release.DLL|x86.ActiveCfg = Release|Win32
		{6706FC86-B920-449E-801B-54B296DC2EC0}.Release.DLL|x86.Build.0 = Release|Win32
		{6706FC86-B920-449E-801B-54B296DC2EC0}.Release|x64.ActiveCfg = Release|x64
		{6706FC86-B920-449E-801B-54B296DC2EC0}.Release|x64.Build.0 = Release|x64
		{6706FC86-B920-449E-801B-54B296DC2EC0}.Release|x86.ActiveCfg = Release|Win32
		{6706FC86-B920-449E-801B-54B296DC2EC0}.Release|x86.Build.0 = Release|Win32
	EndGlobalSection
	GlobalSection(SolutionProperties) = preSolution
		HideSolutionNode = FALSE
	EndGlobalSection
	GlobalSection(ExtensibilityGlobals) = postSolution
		SolutionGuid = {4233F2D5-F3B8-494A-A7D2-2D6E70611497}
	EndGlobalSection
EndGlobal
