
Microsoft Visual Studio Solution File, Format Version 12.00
# Visual Studio Version 16
VisualStudioVersion = 16.0.29613.14
MinimumVisualStudioVersion = 10.0.40219.1
Project("{FAE04EC0-301F-11D3-BF4B-00C04F79EFBC}") = "Functions", "Functions\Functions.csproj", "{920AA8DF-F5E1-4EB9-95FE-4194C3079777}"
EndProject
Global
	GlobalSection(SolutionConfigurationPlatforms) = preSolution
		Debug|Any CPU = Debug|Any CPU
		Release|Any CPU = Release|Any CPU
	EndGlobalSection
	GlobalSection(ProjectConfigurationPlatforms) = postSolution
		{920AA8DF-F5E1-4EB9-95FE-4194C3079777}.Debug|Any CPU.ActiveCfg = Debug|Any CPU
		{920AA8DF-F5E1-4EB9-95FE-4194C3079777}.Debug|Any CPU.Build.0 = Debug|Any CPU
		{920AA8DF-F5E1-4EB9-95FE-4194C3079777}.Release|Any CPU.ActiveCfg = Release|Any CPU
		{920AA8DF-F5E1-4EB9-95FE-4194C3079777}.Release|Any CPU.Build.0 = Release|Any CPU
	EndGlobalSection
	GlobalSection(SolutionProperties) = preSolution
		HideSolutionNode = FALSE
	EndGlobalSection
	GlobalSection(ExtensibilityGlobals) = postSolution
		SolutionGuid = {E161B66E-EC28-44F5-9F14-11F2AC4A9028}
	EndGlobalSection
EndGlobal
