
Microsoft Visual Studio Solution File, Format Version 12.00
# Visual Studio Version 16
VisualStudioVersion = 16.0.29613.14
MinimumVisualStudioVersion = 10.0.40219.1
Project("{8BC9CEB8-8B4A-11D0-8D11-00A0C91BC942}") = "LinkedListMain", "LinkedListMain\LinkedListMain.vcxproj", "{425069D1-1610-46A8-B64B-150AD276642D}"
EndProject
Global
	GlobalSection(SolutionConfigurationPlatforms) = preSolution
		Debug|x64 = Debug|x64
		Debug|x86 = Debug|x86
		Release|x64 = Release|x64
		Release|x86 = Release|x86
	EndGlobalSection
	GlobalSection(ProjectConfigurationPlatforms) = postSolution
		{425069D1-1610-46A8-B64B-150AD276642D}.Debug|x64.ActiveCfg = Debug|x64
		{425069D1-1610-46A8-B64B-150AD276642D}.Debug|x64.Build.0 = Debug|x64
		{425069D1-1610-46A8-B64B-150AD276642D}.Debug|x86.ActiveCfg = Debug|Win32
		{425069D1-1610-46A8-B64B-150AD276642D}.Debug|x86.Build.0 = Debug|Win32
		{425069D1-1610-46A8-B64B-150AD276642D}.Release|x64.ActiveCfg = Release|x64
		{425069D1-1610-46A8-B64B-150AD276642D}.Release|x64.Build.0 = Release|x64
		{425069D1-1610-46A8-B64B-150AD276642D}.Release|x86.ActiveCfg = Release|Win32
		{425069D1-1610-46A8-B64B-150AD276642D}.Release|x86.Build.0 = Release|Win32
	EndGlobalSection
	GlobalSection(SolutionProperties) = preSolution
		HideSolutionNode = FALSE
	EndGlobalSection
	GlobalSection(ExtensibilityGlobals) = postSolution
		SolutionGuid = {1D0DFAB8-9FDC-497E-B35F-1A27DBBAA185}
	EndGlobalSection
EndGlobal
