
Microsoft Visual Studio Solution File, Format Version 12.00
# Visual Studio Version 16
VisualStudioVersion = 16.0.30011.22
MinimumVisualStudioVersion = 10.0.40219.1
Project("{8BC9CEB8-8B4A-11D0-8D11-00A0C91BC942}") = "Oscar_Smith_TicTac", "Oscar_Smith_TicTac\Oscar_Smith_TicTac.vcxproj", "{54126E47-1319-4F2B-B1FD-9291F05F16BF}"
EndProject
Global
	GlobalSection(SolutionConfigurationPlatforms) = preSolution
		Debug|x64 = Debug|x64
		Debug|x86 = Debug|x86
		Release|x64 = Release|x64
		Release|x86 = Release|x86
	EndGlobalSection
	GlobalSection(ProjectConfigurationPlatforms) = postSolution
		{54126E47-1319-4F2B-B1FD-9291F05F16BF}.Debug|x64.ActiveCfg = Debug|x64
		{54126E47-1319-4F2B-B1FD-9291F05F16BF}.Debug|x64.Build.0 = Debug|x64
		{54126E47-1319-4F2B-B1FD-9291F05F16BF}.Debug|x86.ActiveCfg = Debug|Win32
		{54126E47-1319-4F2B-B1FD-9291F05F16BF}.Debug|x86.Build.0 = Debug|Win32
		{54126E47-1319-4F2B-B1FD-9291F05F16BF}.Release|x64.ActiveCfg = Release|x64
		{54126E47-1319-4F2B-B1FD-9291F05F16BF}.Release|x64.Build.0 = Release|x64
		{54126E47-1319-4F2B-B1FD-9291F05F16BF}.Release|x86.ActiveCfg = Release|Win32
		{54126E47-1319-4F2B-B1FD-9291F05F16BF}.Release|x86.Build.0 = Release|Win32
	EndGlobalSection
	GlobalSection(SolutionProperties) = preSolution
		HideSolutionNode = FALSE
	EndGlobalSection
	GlobalSection(ExtensibilityGlobals) = postSolution
		SolutionGuid = {16A82787-527B-44BF-A630-7DEFCD9300FE}
	EndGlobalSection
EndGlobal
