
Microsoft Visual Studio Solution File, Format Version 12.00
# Visual Studio Version 16
VisualStudioVersion = 16.0.29613.14
MinimumVisualStudioVersion = 10.0.40219.1
Project("{FAE04EC0-301F-11D3-BF4B-00C04F79EFBC}") = "Parameter_Passing", "Parameter_Passing\Parameter_Passing.csproj", "{BC48B8EF-ABDD-4F39-B821-49E1F6DF90DE}"
EndProject
Global
	GlobalSection(SolutionConfigurationPlatforms) = preSolution
		Debug|Any CPU = Debug|Any CPU
		Release|Any CPU = Release|Any CPU
	EndGlobalSection
	GlobalSection(ProjectConfigurationPlatforms) = postSolution
		{BC48B8EF-ABDD-4F39-B821-49E1F6DF90DE}.Debug|Any CPU.ActiveCfg = Debug|Any CPU
		{BC48B8EF-ABDD-4F39-B821-49E1F6DF90DE}.Debug|Any CPU.Build.0 = Debug|Any CPU
		{BC48B8EF-ABDD-4F39-B821-49E1F6DF90DE}.Release|Any CPU.ActiveCfg = Release|Any CPU
		{BC48B8EF-ABDD-4F39-B821-49E1F6DF90DE}.Release|Any CPU.Build.0 = Release|Any CPU
	EndGlobalSection
	GlobalSection(SolutionProperties) = preSolution
		HideSolutionNode = FALSE
	EndGlobalSection
	GlobalSection(ExtensibilityGlobals) = postSolution
		SolutionGuid = {32670564-E67B-4748-80F7-9D2902CD53C0}
	EndGlobalSection
EndGlobal
