
Microsoft Visual Studio Solution File, Format Version 12.00
# Visual Studio Version 16
VisualStudioVersion = 16.0.29613.14
MinimumVisualStudioVersion = 10.0.40219.1
Project("{FAE04EC0-301F-11D3-BF4B-00C04F79EFBC}") = "Inheritance2", "Inheritance2\Inheritance2.csproj", "{C34EABA9-5660-4CD8-A2F5-5050AF7C22A5}"
EndProject
Global
	GlobalSection(SolutionConfigurationPlatforms) = preSolution
		Debug|Any CPU = Debug|Any CPU
		Release|Any CPU = Release|Any CPU
	EndGlobalSection
	GlobalSection(ProjectConfigurationPlatforms) = postSolution
		{C34EABA9-5660-4CD8-A2F5-5050AF7C22A5}.Debug|Any CPU.ActiveCfg = Debug|Any CPU
		{C34EABA9-5660-4CD8-A2F5-5050AF7C22A5}.Debug|Any CPU.Build.0 = Debug|Any CPU
		{C34EABA9-5660-4CD8-A2F5-5050AF7C22A5}.Release|Any CPU.ActiveCfg = Release|Any CPU
		{C34EABA9-5660-4CD8-A2F5-5050AF7C22A5}.Release|Any CPU.Build.0 = Release|Any CPU
	EndGlobalSection
	GlobalSection(SolutionProperties) = preSolution
		HideSolutionNode = FALSE
	EndGlobalSection
	GlobalSection(ExtensibilityGlobals) = postSolution
		SolutionGuid = {33233F08-2890-4F82-A0A5-1300B83E32EF}
	EndGlobalSection
EndGlobal
